
Microsoft Visual Studio Solution File, Format Version 12.00
# Visual Studio Version 16
VisualStudioVersion = 16.0.31005.135
MinimumVisualStudioVersion = 10.0.40219.1
Project("{FAE04EC0-301F-11D3-BF4B-00C04F79EFBC}") = "ArduinoLED", "ArduinoLED\ArduinoLED.csproj", "{D1FB7B61-A67F-49D8-A837-82966988878B}"
EndProject
Global
	GlobalSection(SolutionConfigurationPlatforms) = preSolution
		Debug|Any CPU = Debug|Any CPU
		Release|Any CPU = Release|Any CPU
	EndGlobalSection
	GlobalSection(ProjectConfigurationPlatforms) = postSolution
		{D1FB7B61-A67F-49D8-A837-82966988878B}.Debug|Any CPU.ActiveCfg = Debug|Any CPU
		{D1FB7B61-A67F-49D8-A837-82966988878B}.Debug|Any CPU.Build.0 = Debug|Any CPU
		{D1FB7B61-A67F-49D8-A837-82966988878B}.Release|Any CPU.ActiveCfg = Release|Any CPU
		{D1FB7B61-A67F-49D8-A837-82966988878B}.Release|Any CPU.Build.0 = Release|Any CPU
	EndGlobalSection
	GlobalSection(SolutionProperties) = preSolution
		HideSolutionNode = FALSE
	EndGlobalSection
	GlobalSection(ExtensibilityGlobals) = postSolution
		SolutionGuid = {C60345E1-5766-4F7C-BBD2-357489662C61}
	EndGlobalSection
EndGlobal
